// !$*UTF8*$!
{
	archiveVersion = 1;
	classes = {
	};
	objectVersion = 77;
	objects = {

/* Begin PBXContainerItemProxy section */
		95FFA8FC2CB6CB9300726D0A /* PBXContainerItemProxy */ = {
			isa = PBXContainerItemProxy;
			containerPortal = 95FFA8E12CB6CB9300726D0A /* Project object */;
			proxyType = 1;
			remoteGlobalIDString = 95FFA8E82CB6CB9300726D0A;
			remoteInfo = Mintick;
		};
		95FFA9062CB6CB9300726D0A /* PBXContainerItemProxy */ = {
			isa = PBXContainerItemProxy;
			containerPortal = 95FFA8E12CB6CB9300726D0A /* Project object */;
			proxyType = 1;
			remoteGlobalIDString = 95FFA8E82CB6CB9300726D0A;
			remoteInfo = Mintick;
		};
/* End PBXContainerItemProxy section */

/* Begin PBXFileReference section */
		95FFA8E92CB6CB9300726D0A /* Mintick.app */ = {isa = PBXFileReference; explicitFileType = wrapper.application; includeInIndex = 0; path = Mintick.app; sourceTree = BUILT_PRODUCTS_DIR; };
		95FFA8FB2CB6CB9300726D0A /* MintickTests.xctest */ = {isa = PBXFileReference; explicitFileType = wrapper.cfbundle; includeInIndex = 0; path = MintickTests.xctest; sourceTree = BUILT_PRODUCTS_DIR; };
		95FFA9052CB6CB9300726D0A /* MintickUITests.xctest */ = {isa = PBXFileReference; explicitFileType = wrapper.cfbundle; includeInIndex = 0; path = MintickUITests.xctest; sourceTree = BUILT_PRODUCTS_DIR; };
/* End PBXFileReference section */

/* Begin PBXFileSystemSynchronizedRootGroup section */
		95FFA8EB2CB6CB9300726D0A /* Mintick */ = {
			isa = PBXFileSystemSynchronizedRootGroup;
			path = Mintick;
			sourceTree = "<group>";
		};
		95FFA8FE2CB6CB9300726D0A /* MintickTests */ = {
			isa = PBXFileSystemSynchronizedRootGroup;
			path = MintickTests;
			sourceTree = "<group>";
		};
		95FFA9082CB6CB9300726D0A /* MintickUITests */ = {
			isa = PBXFileSystemSynchronizedRootGroup;
			path = MintickUITests;
			sourceTree = "<group>";
		};
/* End PBXFileSystemSynchronizedRootGroup section */

/* Begin PBXFrameworksBuildPhase section */
		95FFA8E62CB6CB9300726D0A /* Frameworks */ = {
			isa = PBXFrameworksBuildPhase;
			buildActionMask = 2147483647;
			files = (
			);
			runOnlyForDeploymentPostprocessing = 0;
		};
		95FFA8F82CB6CB9300726D0A /* Frameworks */ = {
			isa = PBXFrameworksBuildPhase;
			buildActionMask = 2147483647;
			files = (
			);
			runOnlyForDeploymentPostprocessing = 0;
		};
		95FFA9022CB6CB9300726D0A /* Frameworks */ = {
			isa = PBXFrameworksBuildPhase;
			buildActionMask = 2147483647;
			files = (
			);
			runOnlyForDeploymentPostprocessing = 0;
		};
/* End PBXFrameworksBuildPhase section */

/* Begin PBXGroup section */
		95FFA8E02CB6CB9300726D0A = {
			isa = PBXGroup;
			children = (
				95FFA8EB2CB6CB9300726D0A /* Mintick */,
				95FFA8FE2CB6CB9300726D0A /* MintickTests */,
				95FFA9082CB6CB9300726D0A /* MintickUITests */,
				95FFA8EA2CB6CB9300726D0A /* Products */,
			);
			sourceTree = "<group>";
		};
		95FFA8EA2CB6CB9300726D0A /* Products */ = {
			isa = PBXGroup;
			children = (
				95FFA8E92CB6CB9300726D0A /* Mintick.app */,
				95FFA8FB2CB6CB9300726D0A /* MintickTests.xctest */,
				95FFA9052CB6CB9300726D0A /* MintickUITests.xctest */,
			);
			name = Products;
			sourceTree = "<group>";
		};
/* End PBXGroup section */

/* Begin PBXNativeTarget section */
		95FFA8E82CB6CB9300726D0A /* Mintick */ = {
			isa = PBXNativeTarget;
			buildConfigurationList = 95FFA90F2CB6CB9300726D0A /* Build configuration list for PBXNativeTarget "Mintick" */;
			buildPhases = (
				95FFA8E52CB6CB9300726D0A /* Sources */,
				95FFA8E62CB6CB9300726D0A /* Frameworks */,
				95FFA8E72CB6CB9300726D0A /* Resources */,
			);
			buildRules = (
			);
			dependencies = (
			);
			fileSystemSynchronizedGroups = (
				95FFA8EB2CB6CB9300726D0A /* Mintick */,
			);
			name = Mintick;
			packageProductDependencies = (
			);
			productName = Mintick;
			productReference = 95FFA8E92CB6CB9300726D0A /* Mintick.app */;
			productType = "com.apple.product-type.application";
		};
		95FFA8FA2CB6CB9300726D0A /* MintickTests */ = {
			isa = PBXNativeTarget;
			buildConfigurationList = 95FFA9122CB6CB9300726D0A /* Build configuration list for PBXNativeTarget "MintickTests" */;
			buildPhases = (
				95FFA8F72CB6CB9300726D0A /* Sources */,
				95FFA8F82CB6CB9300726D0A /* Frameworks */,
				95FFA8F92CB6CB9300726D0A /* Resources */,
			);
			buildRules = (
			);
			dependencies = (
				95FFA8FD2CB6CB9300726D0A /* PBXTargetDependency */,
			);
			fileSystemSynchronizedGroups = (
				95FFA8FE2CB6CB9300726D0A /* MintickTests */,
			);
			name = MintickTests;
			packageProductDependencies = (
			);
			productName = MintickTests;
			productReference = 95FFA8FB2CB6CB9300726D0A /* MintickTests.xctest */;
			productType = "com.apple.product-type.bundle.unit-test";
		};
		95FFA9042CB6CB9300726D0A /* MintickUITests */ = {
			isa = PBXNativeTarget;
			buildConfigurationList = 95FFA9152CB6CB9300726D0A /* Build configuration list for PBXNativeTarget "MintickUITests" */;
			buildPhases = (
				95FFA9012CB6CB9300726D0A /* Sources */,
				95FFA9022CB6CB9300726D0A /* Frameworks */,
				95FFA9032CB6CB9300726D0A /* Resources */,
			);
			buildRules = (
			);
			dependencies = (
				95FFA9072CB6CB9300726D0A /* PBXTargetDependency */,
			);
			fileSystemSynchronizedGroups = (
				95FFA9082CB6CB9300726D0A /* MintickUITests */,
			);
			name = MintickUITests;
			packageProductDependencies = (
			);
			productName = MintickUITests;
			productReference = 95FFA9052CB6CB9300726D0A /* MintickUITests.xctest */;
			productType = "com.apple.product-type.bundle.ui-testing";
		};
/* End PBXNativeTarget section */

/* Begin PBXProject section */
		95FFA8E12CB6CB9300726D0A /* Project object */ = {
			isa = PBXProject;
			attributes = {
				BuildIndependentTargetsInParallel = 1;
				LastSwiftUpdateCheck = 1600;
				LastUpgradeCheck = 1600;
				TargetAttributes = {
					95FFA8E82CB6CB9300726D0A = {
						CreatedOnToolsVersion = 16.0;
					};
					95FFA8FA2CB6CB9300726D0A = {
						CreatedOnToolsVersion = 16.0;
						TestTargetID = 95FFA8E82CB6CB9300726D0A;
					};
					95FFA9042CB6CB9300726D0A = {
						CreatedOnToolsVersion = 16.0;
						TestTargetID = 95FFA8E82CB6CB9300726D0A;
					};
				};
			};
			buildConfigurationList = 95FFA8E42CB6CB9300726D0A /* Build configuration list for PBXProject "Mintick" */;
			developmentRegion = en;
			hasScannedForEncodings = 0;
			knownRegions = (
				en,
				Base,
			);
			mainGroup = 95FFA8E02CB6CB9300726D0A;
			minimizedProjectReferenceProxies = 1;
			preferredProjectObjectVersion = 77;
			productRefGroup = 95FFA8EA2CB6CB9300726D0A /* Products */;
			projectDirPath = "";
			projectRoot = "";
			targets = (
				95FFA8E82CB6CB9300726D0A /* Mintick */,
				95FFA8FA2CB6CB9300726D0A /* MintickTests */,
				95FFA9042CB6CB9300726D0A /* MintickUITests */,
			);
		};
/* End PBXProject section */

/* Begin PBXResourcesBuildPhase section */
		95FFA8E72CB6CB9300726D0A /* Resources */ = {
			isa = PBXResourcesBuildPhase;
			buildActionMask = 2147483647;
			files = (
			);
			runOnlyForDeploymentPostprocessing = 0;
		};
		95FFA8F92CB6CB9300726D0A /* Resources */ = {
			isa = PBXResourcesBuildPhase;
			buildActionMask = 2147483647;
			files = (
			);
			runOnlyForDeploymentPostprocessing = 0;
		};
		95FFA9032CB6CB9300726D0A /* Resources */ = {
			isa = PBXResourcesBuildPhase;
			buildActionMask = 2147483647;
			files = (
			);
			runOnlyForDeploymentPostprocessing = 0;
		};
/* End PBXResourcesBuildPhase section */

/* Begin PBXSourcesBuildPhase section */
		95FFA8E52CB6CB9300726D0A /* Sources */ = {
			isa = PBXSourcesBuildPhase;
			buildActionMask = 2147483647;
			files = (
			);
			runOnlyForDeploymentPostprocessing = 0;
		};
		95FFA8F72CB6CB9300726D0A /* Sources */ = {
			isa = PBXSourcesBuildPhase;
			buildActionMask = 2147483647;
			files = (
			);
			runOnlyForDeploymentPostprocessing = 0;
		};
		95FFA9012CB6CB9300726D0A /* Sources */ = {
			isa = PBXSourcesBuildPhase;
			buildActionMask = 2147483647;
			files = (
			);
			runOnlyForDeploymentPostprocessing = 0;
		};
/* End PBXSourcesBuildPhase section */

/* Begin PBXTargetDependency section */
		95FFA8FD2CB6CB9300726D0A /* PBXTargetDependency */ = {
			isa = PBXTargetDependency;
			target = 95FFA8E82CB6CB9300726D0A /* Mintick */;
			targetProxy = 95FFA8FC2CB6CB9300726D0A /* PBXContainerItemProxy */;
		};
		95FFA9072CB6CB9300726D0A /* PBXTargetDependency */ = {
			isa = PBXTargetDependency;
			target = 95FFA8E82CB6CB9300726D0A /* Mintick */;
			targetProxy = 95FFA9062CB6CB9300726D0A /* PBXContainerItemProxy */;
		};
/* End PBXTargetDependency section */

/* Begin XCBuildConfiguration section */
		95FFA90D2CB6CB9300726D0A /* Debug */ = {
			isa = XCBuildConfiguration;
			buildSettings = {
				ALWAYS_SEARCH_USER_PATHS = NO;
				ASSETCATALOG_COMPILER_GENERATE_SWIFT_ASSET_SYMBOL_EXTENSIONS = YES;
				CLANG_ANALYZER_NONNULL = YES;
				CLANG_ANALYZER_NUMBER_OBJECT_CONVERSION = YES_AGGRESSIVE;
				CLANG_CXX_LANGUAGE_STANDARD = "gnu++20";
				CLANG_ENABLE_MODULES = YES;
				CLANG_ENABLE_OBJC_ARC = YES;
				CLANG_ENABLE_OBJC_WEAK = YES;
				CLANG_WARN_BLOCK_CAPTURE_AUTORELEASING = YES;
				CLANG_WARN_BOOL_CONVERSION = YES;
				CLANG_WARN_COMMA = YES;
				CLANG_WARN_CONSTANT_CONVERSION = YES;
				CLANG_WARN_DEPRECATED_OBJC_IMPLEMENTATIONS = YES;
				CLANG_WARN_DIRECT_OBJC_ISA_USAGE = YES_ERROR;
				CLANG_WARN_DOCUMENTATION_COMMENTS = YES;
				CLANG_WARN_EMPTY_BODY = YES;
				CLANG_WARN_ENUM_CONVERSION = YES;
				CLANG_WARN_INFINITE_RECURSION = YES;
				CLANG_WARN_INT_CONVERSION = YES;
				CLANG_WARN_NON_LITERAL_NULL_CONVERSION = YES;
				CLANG_WARN_OBJC_IMPLICIT_RETAIN_SELF = YES;
				CLANG_WARN_OBJC_LITERAL_CONVERSION = YES;
				CLANG_WARN_OBJC_ROOT_CLASS = YES_ERROR;
				CLANG_WARN_QUOTED_INCLUDE_IN_FRAMEWORK_HEADER = YES;
				CLANG_WARN_RANGE_LOOP_ANALYSIS = YES;
				CLANG_WARN_STRICT_PROTOTYPES = YES;
				CLANG_WARN_SUSPICIOUS_MOVE = YES;
				CLANG_WARN_UNGUARDED_AVAILABILITY = YES_AGGRESSIVE;
				CLANG_WARN_UNREACHABLE_CODE = YES;
				CLANG_WARN__DUPLICATE_METHOD_MATCH = YES;
				COPY_PHASE_STRIP = NO;
				DEBUG_INFORMATION_FORMAT = dwarf;
				ENABLE_STRICT_OBJC_MSGSEND = YES;
				ENABLE_TESTABILITY = YES;
				ENABLE_USER_SCRIPT_SANDBOXING = YES;
				GCC_C_LANGUAGE_STANDARD = gnu17;
				GCC_DYNAMIC_NO_PIC = NO;
				GCC_NO_COMMON_BLOCKS = YES;
				GCC_OPTIMIZATION_LEVEL = 0;
				GCC_PREPROCESSOR_DEFINITIONS = (
					"DEBUG=1",
					"$(inherited)",
				);
				GCC_WARN_64_TO_32_BIT_CONVERSION = YES;
				GCC_WARN_ABOUT_RETURN_TYPE = YES_ERROR;
				GCC_WARN_UNDECLARED_SELECTOR = YES;
				GCC_WARN_UNINITIALIZED_AUTOS = YES_AGGRESSIVE;
				GCC_WARN_UNUSED_FUNCTION = YES;
				GCC_WARN_UNUSED_VARIABLE = YES;
				IPHONEOS_DEPLOYMENT_TARGET = 18.0;
				LOCALIZATION_PREFERS_STRING_CATALOGS = YES;
				MTL_ENABLE_DEBUG_INFO = INCLUDE_SOURCE;
				MTL_FAST_MATH = YES;
				ONLY_ACTIVE_ARCH = YES;
				SDKROOT = iphoneos;
				SWIFT_ACTIVE_COMPILATION_CONDITIONS = "DEBUG $(inherited)";
				SWIFT_OPTIMIZATION_LEVEL = "-Onone";
				SWIFT_VERSION = 6.0;
			};
			name = Debug;
		};
		95FFA90E2CB6CB9300726D0A /* Release */ = {
			isa = XCBuildConfiguration;
			buildSettings = {
				ALWAYS_SEARCH_USER_PATHS = NO;
				ASSETCATALOG_COMPILER_GENERATE_SWIFT_ASSET_SYMBOL_EXTENSIONS = YES;
				CLANG_ANALYZER_NONNULL = YES;
				CLANG_ANALYZER_NUMBER_OBJECT_CONVERSION = YES_AGGRESSIVE;
				CLANG_CXX_LANGUAGE_STANDARD = "gnu++20";
				CLANG_ENABLE_MODULES = YES;
				CLANG_ENABLE_OBJC_ARC = YES;
				CLANG_ENABLE_OBJC_WEAK = YES;
				CLANG_WARN_BLOCK_CAPTURE_AUTORELEASING = YES;
				CLANG_WARN_BOOL_CONVERSION = YES;
				CLANG_WARN_COMMA = YES;
				CLANG_WARN_CONSTANT_CONVERSION = YES;
				CLANG_WARN_DEPRECATED_OBJC_IMPLEMENTATIONS = YES;
				CLANG_WARN_DIRECT_OBJC_ISA_USAGE = YES_ERROR;
				CLANG_WARN_DOCUMENTATION_COMMENTS = YES;
				CLANG_WARN_EMPTY_BODY = YES;
				CLANG_WARN_ENUM_CONVERSION = YES;
				CLANG_WARN_INFINITE_RECURSION = YES;
				CLANG_WARN_INT_CONVERSION = YES;
				CLANG_WARN_NON_LITERAL_NULL_CONVERSION = YES;
				CLANG_WARN_OBJC_IMPLICIT_RETAIN_SELF = YES;
				CLANG_WARN_OBJC_LITERAL_CONVERSION = YES;
				CLANG_WARN_OBJC_ROOT_CLASS = YES_ERROR;
				CLANG_WARN_QUOTED_INCLUDE_IN_FRAMEWORK_HEADER = YES;
				CLANG_WARN_RANGE_LOOP_ANALYSIS = YES;
				CLANG_WARN_STRICT_PROTOTYPES = YES;
				CLANG_WARN_SUSPICIOUS_MOVE = YES;
				CLANG_WARN_UNGUARDED_AVAILABILITY = YES_AGGRESSIVE;
				CLANG_WARN_UNREACHABLE_CODE = YES;
				CLANG_WARN__DUPLICATE_METHOD_MATCH = YES;
				COPY_PHASE_STRIP = NO;
				DEBUG_INFORMATION_FORMAT = "dwarf-with-dsym";
				ENABLE_NS_ASSERTIONS = NO;
				ENABLE_STRICT_OBJC_MSGSEND = YES;
				ENABLE_USER_SCRIPT_SANDBOXING = YES;
				GCC_C_LANGUAGE_STANDARD = gnu17;
				GCC_NO_COMMON_BLOCKS = YES;
				GCC_WARN_64_TO_32_BIT_CONVERSION = YES;
				GCC_WARN_ABOUT_RETURN_TYPE = YES_ERROR;
				GCC_WARN_UNDECLARED_SELECTOR = YES;
				GCC_WARN_UNINITIALIZED_AUTOS = YES_AGGRESSIVE;
				GCC_WARN_UNUSED_FUNCTION = YES;
				GCC_WARN_UNUSED_VARIABLE = YES;
				IPHONEOS_DEPLOYMENT_TARGET = 18.0;
				LOCALIZATION_PREFERS_STRING_CATALOGS = YES;
				MTL_ENABLE_DEBUG_INFO = NO;
				MTL_FAST_MATH = YES;
				SDKROOT = iphoneos;
				SWIFT_COMPILATION_MODE = wholemodule;
				SWIFT_VERSION = 6.0;
				VALIDATE_PRODUCT = YES;
			};
			name = Release;
		};
		95FFA9102CB6CB9300726D0A /* Debug */ = {
			isa = XCBuildConfiguration;
			buildSettings = {
				ASSETCATALOG_COMPILER_APPICON_NAME = AppIcon;
				ASSETCATALOG_COMPILER_GLOBAL_ACCENT_COLOR_NAME = AccentColor;
				CODE_SIGN_STYLE = Automatic;
				CURRENT_PROJECT_VERSION = 1;
				DEVELOPMENT_ASSET_PATHS = "\"Mintick/Preview Content\"";
				DEVELOPMENT_TEAM = D9LSJ3D5Y3;
				ENABLE_PREVIEWS = YES;
				GENERATE_INFOPLIST_FILE = YES;
				INFOPLIST_KEY_UIApplicationSceneManifest_Generation = YES;
				INFOPLIST_KEY_UIApplicationSupportsIndirectInputEvents = YES;
				INFOPLIST_KEY_UILaunchScreen_Generation = YES;
				INFOPLIST_KEY_UISupportedInterfaceOrientations_iPad = "UIInterfaceOrientationPortrait UIInterfaceOrientationPortraitUpsideDown UIInterfaceOrientationLandscapeLeft UIInterfaceOrientationLandscapeRight";
				INFOPLIST_KEY_UISupportedInterfaceOrientations_iPhone = "UIInterfaceOrientationPortrait UIInterfaceOrientationLandscapeLeft UIInterfaceOrientationLandscapeRight";
				LD_RUNPATH_SEARCH_PATHS = (
					"$(inherited)",
					"@executable_path/Frameworks",
				);
				MARKETING_VERSION = 1.0;
				PRODUCT_BUNDLE_IDENTIFIER = com.Wind.Mintick;
				PRODUCT_NAME = "$(TARGET_NAME)";
				SWIFT_EMIT_LOC_STRINGS = YES;
				SWIFT_VERSION = 6.0;
				TARGETED_DEVICE_FAMILY = "1,2";
			};
			name = Debug;
		};
		95FFA9112CB6CB9300726D0A /* Release */ = {
			isa = XCBuildConfiguration;
			buildSettings = {
				ASSETCATALOG_COMPILER_APPICON_NAME = AppIcon;
				ASSETCATALOG_COMPILER_GLOBAL_ACCENT_COLOR_NAME = AccentColor;
				CODE_SIGN_STYLE = Automatic;
				CURRENT_PROJECT_VERSION = 1;
				DEVELOPMENT_ASSET_PATHS = "\"Mintick/Preview Content\"";
				DEVELOPMENT_TEAM = D9LSJ3D5Y3;
				ENABLE_PREVIEWS = YES;
				GENERATE_INFOPLIST_FILE = YES;
				INFOPLIST_KEY_UIApplicationSceneManifest_Generation = YES;
				INFOPLIST_KEY_UIApplicationSupportsIndirectInputEvents = YES;
				INFOPLIST_KEY_UILaunchScreen_Generation = YES;
				INFOPLIST_KEY_UISupportedInterfaceOrientations_iPad = "UIInterfaceOrientationPortrait UIInterfaceOrientationPortraitUpsideDown UIInterfaceOrientationLandscapeLeft UIInterfaceOrientationLandscapeRight";
				INFOPLIST_KEY_UISupportedInterfaceOrientations_iPhone = "UIInterfaceOrientationPortrait UIInterfaceOrientationLandscapeLeft UIInterfaceOrientationLandscapeRight";
				LD_RUNPATH_SEARCH_PATHS = (
					"$(inherited)",
					"@executable_path/Frameworks",
				);
				MARKETING_VERSION = 1.0;
				PRODUCT_BUNDLE_IDENTIFIER = com.Wind.Mintick;
				PRODUCT_NAME = "$(TARGET_NAME)";
				SWIFT_EMIT_LOC_STRINGS = YES;
				SWIFT_VERSION = 6.0;
				TARGETED_DEVICE_FAMILY = "1,2";
			};
			name = Release;
		};
		95FFA9132CB6CB9300726D0A /* Debug */ = {
			isa = XCBuildConfiguration;
			buildSettings = {
				BUNDLE_LOADER = "$(TEST_HOST)";
				CODE_SIGN_STYLE = Automatic;
				CURRENT_PROJECT_VERSION = 1;
				DEVELOPMENT_TEAM = D9LSJ3D5Y3;
				GENERATE_INFOPLIST_FILE = YES;
				IPHONEOS_DEPLOYMENT_TARGET = 18.0;
				MARKETING_VERSION = 1.0;
				PRODUCT_BUNDLE_IDENTIFIER = com.Wind.MintickTests;
				PRODUCT_NAME = "$(TARGET_NAME)";
				SWIFT_EMIT_LOC_STRINGS = NO;
				SWIFT_VERSION = 5.0;
				TARGETED_DEVICE_FAMILY = "1,2";
				TEST_HOST = "$(BUILT_PRODUCTS_DIR)/Mintick.app/$(BUNDLE_EXECUTABLE_FOLDER_PATH)/Mintick";
			};
			name = Debug;
		};
		95FFA9142CB6CB9300726D0A /* Release */ = {
			isa = XCBuildConfiguration;
			buildSettings = {
				BUNDLE_LOADER = "$(TEST_HOST)";
				CODE_SIGN_STYLE = Automatic;
				CURRENT_PROJECT_VERSION = 1;
				DEVELOPMENT_TEAM = D9LSJ3D5Y3;
				GENERATE_INFOPLIST_FILE = YES;
				IPHONEOS_DEPLOYMENT_TARGET = 18.0;
				MARKETING_VERSION = 1.0;
				PRODUCT_BUNDLE_IDENTIFIER = com.Wind.MintickTests;
				PRODUCT_NAME = "$(TARGET_NAME)";
				SWIFT_EMIT_LOC_STRINGS = NO;
				SWIFT_VERSION = 5.0;
				TARGETED_DEVICE_FAMILY = "1,2";
				TEST_HOST = "$(BUILT_PRODUCTS_DIR)/Mintick.app/$(BUNDLE_EXECUTABLE_FOLDER_PATH)/Mintick";
			};
			name = Release;
		};
		95FFA9162CB6CB9300726D0A /* Debug */ = {
			isa = XCBuildConfiguration;
			buildSettings = {
				CODE_SIGN_STYLE = Automatic;
				CURRENT_PROJECT_VERSION = 1;
				DEVELOPMENT_TEAM = D9LSJ3D5Y3;
				GENERATE_INFOPLIST_FILE = YES;
				MARKETING_VERSION = 1.0;
				PRODUCT_BUNDLE_IDENTIFIER = com.Wind.MintickUITests;
				PRODUCT_NAME = "$(TARGET_NAME)";
				SWIFT_EMIT_LOC_STRINGS = NO;
				SWIFT_VERSION = 5.0;
				TARGETED_DEVICE_FAMILY = "1,2";
				TEST_TARGET_NAME = Mintick;
			};
			name = Debug;
		};
		95FFA9172CB6CB9300726D0A /* Release */ = {
			isa = XCBuildConfiguration;
			buildSettings = {
				CODE_SIGN_STYLE = Automatic;
				CURRENT_PROJECT_VERSION = 1;
				DEVELOPMENT_TEAM = D9LSJ3D5Y3;
				GENERATE_INFOPLIST_FILE = YES;
				MARKETING_VERSION = 1.0;
				PRODUCT_BUNDLE_IDENTIFIER = com.Wind.MintickUITests;
				PRODUCT_NAME = "$(TARGET_NAME)";
				SWIFT_EMIT_LOC_STRINGS = NO;
				SWIFT_VERSION = 5.0;
				TARGETED_DEVICE_FAMILY = "1,2";
				TEST_TARGET_NAME = Mintick;
			};
			name = Release;
		};
/* End XCBuildConfiguration section */

/* Begin XCConfigurationList section */
		95FFA8E42CB6CB9300726D0A /* Build configuration list for PBXProject "Mintick" */ = {
			isa = XCConfigurationList;
			buildConfigurations = (
				95FFA90D2CB6CB9300726D0A /* Debug */,
				95FFA90E2CB6CB9300726D0A /* Release */,
			);
			defaultConfigurationIsVisible = 0;
			defaultConfigurationName = Release;
		};
		95FFA90F2CB6CB9300726D0A /* Build configuration list for PBXNativeTarget "Mintick" */ = {
			isa = XCConfigurationList;
			buildConfigurations = (
				95FFA9102CB6CB9300726D0A /* Debug */,
				95FFA9112CB6CB9300726D0A /* Release */,
			);
			defaultConfigurationIsVisible = 0;
			defaultConfigurationName = Release;
		};
		95FFA9122CB6CB9300726D0A /* Build configuration list for PBXNativeTarget "MintickTests" */ = {
			isa = XCConfigurationList;
			buildConfigurations = (
				95FFA9132CB6CB9300726D0A /* Debug */,
				95FFA9142CB6CB9300726D0A /* Release */,
			);
			defaultConfigurationIsVisible = 0;
			defaultConfigurationName = Release;
		};
		95FFA9152CB6CB9300726D0A /* Build configuration list for PBXNativeTarget "MintickUITests" */ = {
			isa = XCConfigurationList;
			buildConfigurations = (
				95FFA9162CB6CB9300726D0A /* Debug */,
				95FFA9172CB6CB9300726D0A /* Release */,
			);
			defaultConfigurationIsVisible = 0;
			defaultConfigurationName = Release;
		};
/* End XCConfigurationList section */
	};
	rootObject = 95FFA8E12CB6CB9300726D0A /* Project object */;
}
